
Microsoft Visual Studio Solution File, Format Version 12.00
# Visual Studio Version 17
VisualStudioVersion = 17.7.34031.279
MinimumVisualStudioVersion = 10.0.40219.1
Project("{FAE04EC0-301F-11D3-BF4B-00C04F79EFBC}") = "WeatherAppAssignment", "WeatherAppAssignment.csproj", "{47CCB620-7014-4FB4-9E65-76F7014207C0}"
EndProject
Global
	GlobalSection(SolutionConfigurationPlatforms) = preSolution
		Debug|Any CPU = Debug|Any CPU
		Release|Any CPU = Release|Any CPU
	EndGlobalSection
	GlobalSection(ProjectConfigurationPlatforms) = postSolution
		{47CCB620-7014-4FB4-9E65-76F7014207C0}.Debug|Any CPU.ActiveCfg = Debug|Any CPU
		{47CCB620-7014-4FB4-9E65-76F7014207C0}.Debug|Any CPU.Build.0 = Debug|Any CPU
		{47CCB620-7014-4FB4-9E65-76F7014207C0}.Release|Any CPU.ActiveCfg = Release|Any CPU
		{47CCB620-7014-4FB4-9E65-76F7014207C0}.Release|Any CPU.Build.0 = Release|Any CPU
	EndGlobalSection
	GlobalSection(SolutionProperties) = preSolution
		HideSolutionNode = FALSE
	EndGlobalSection
	GlobalSection(ExtensibilityGlobals) = postSolution
		SolutionGuid = {293BE524-6F97-44D1-AC2C-C5AE50096B25}
	EndGlobalSection
EndGlobal
